
Microsoft Visual Studio Solution File, Format Version 12.00
# Visual Studio 15
VisualStudioVersion = 15.0.28307.1231
MinimumVisualStudioVersion = 10.0.40219.1
Project("{FAE04EC0-301F-11D3-BF4B-00C04F79EFBC}") = "mycomico", "mycomico.csproj", "{9585EABA-B1DF-4BC1-8D9A-9B3FF3EDA5DE}"
EndProject
Global
	GlobalSection(SolutionConfigurationPlatforms) = preSolution
		Debug|Any CPU = Debug|Any CPU
		Release|Any CPU = Release|Any CPU
	EndGlobalSection
	GlobalSection(ProjectConfigurationPlatforms) = postSolution
		{9585EABA-B1DF-4BC1-8D9A-9B3FF3EDA5DE}.Debug|Any CPU.ActiveCfg = Debug|Any CPU
		{9585EABA-B1DF-4BC1-8D9A-9B3FF3EDA5DE}.Debug|Any CPU.Build.0 = Debug|Any CPU
		{9585EABA-B1DF-4BC1-8D9A-9B3FF3EDA5DE}.Release|Any CPU.ActiveCfg = Release|Any CPU
		{9585EABA-B1DF-4BC1-8D9A-9B3FF3EDA5DE}.Release|Any CPU.Build.0 = Release|Any CPU
	EndGlobalSection
	GlobalSection(SolutionProperties) = preSolution
		HideSolutionNode = FALSE
	EndGlobalSection
	GlobalSection(ExtensibilityGlobals) = postSolution
		SolutionGuid = {9AB06A73-AFEB-4C4C-9D65-F2A82EA68D81}
	EndGlobalSection
EndGlobal
